
Microsoft Visual Studio Solution File, Format Version 12.00
# Visual Studio 14
VisualStudioVersion = 14.0.25420.1
MinimumVisualStudioVersion = 10.0.40219.1
Project("{2150E333-8FDC-42A3-9474-1A3956D46DE8}") = "src", "src", "{13F45EC1-5C32-4DDB-97C5-D6CE533C5169}"
EndProject
Project("{2150E333-8FDC-42A3-9474-1A3956D46DE8}") = "Solution Items", "Solution Items", "{A6E9380B-6F10-435A-97FC-5DA92CDACFDF}"
	ProjectSection(SolutionItems) = preProject
		global.json = global.json
	EndProjectSection
EndProject
Project("{8BB2217D-0F2D-49D1-97BC-3654ED321F3B}") = "HelloWebApiCoreV2", "src\HelloWebApiCoreV2\HelloWebApiCoreV2.xproj", "{1D80C67D-9481-437A-A2FC-F238E45FF6CB}"
EndProject
Global
	GlobalSection(SolutionConfigurationPlatforms) = preSolution
		Debug|Any CPU = Debug|Any CPU
		Release|Any CPU = Release|Any CPU
	EndGlobalSection
	GlobalSection(ProjectConfigurationPlatforms) = postSolution
		{1D80C67D-9481-437A-A2FC-F238E45FF6CB}.Debug|Any CPU.ActiveCfg = Debug|Any CPU
		{1D80C67D-9481-437A-A2FC-F238E45FF6CB}.Debug|Any CPU.Build.0 = Debug|Any CPU
		{1D80C67D-9481-437A-A2FC-F238E45FF6CB}.Release|Any CPU.ActiveCfg = Release|Any CPU
		{1D80C67D-9481-437A-A2FC-F238E45FF6CB}.Release|Any CPU.Build.0 = Release|Any CPU
	EndGlobalSection
	GlobalSection(SolutionProperties) = preSolution
		HideSolutionNode = FALSE
	EndGlobalSection
	GlobalSection(NestedProjects) = preSolution
		{1D80C67D-9481-437A-A2FC-F238E45FF6CB} = {13F45EC1-5C32-4DDB-97C5-D6CE533C5169}
	EndGlobalSection
EndGlobal
